
Microsoft Visual Studio Solution File, Format Version 12.00
# Visual Studio Version 16
VisualStudioVersion = 16.0.30907.101
MinimumVisualStudioVersion = 10.0.40219.1
Project("{FAE04EC0-301F-11D3-BF4B-00C04F79EFBC}") = "Memory", "Memory\Memory.csproj", "{CE01C03E-53DC-486A-9DF0-C34CCA73E3D1}"
EndProject
Global
	GlobalSection(SolutionConfigurationPlatforms) = preSolution
		Debug|Any CPU = Debug|Any CPU
		Release|Any CPU = Release|Any CPU
	EndGlobalSection
	GlobalSection(ProjectConfigurationPlatforms) = postSolution
		{CE01C03E-53DC-486A-9DF0-C34CCA73E3D1}.Debug|Any CPU.ActiveCfg = Debug|Any CPU
		{CE01C03E-53DC-486A-9DF0-C34CCA73E3D1}.Debug|Any CPU.Build.0 = Debug|Any CPU
		{CE01C03E-53DC-486A-9DF0-C34CCA73E3D1}.Release|Any CPU.ActiveCfg = Release|Any CPU
		{CE01C03E-53DC-486A-9DF0-C34CCA73E3D1}.Release|Any CPU.Build.0 = Release|Any CPU
	EndGlobalSection
	GlobalSection(SolutionProperties) = preSolution
		HideSolutionNode = FALSE
	EndGlobalSection
	GlobalSection(ExtensibilityGlobals) = postSolution
		SolutionGuid = {3CE88F51-5C24-4258-A508-5F58F05CC40A}
	EndGlobalSection
EndGlobal
